# This file was generated by Aiken
# You typically do not need to edit this file

[[requirements]]
name = "aiken-lang/stdlib"
version = "3.0.0"
source = "github"

[[requirements]]
name = "aiken-lang/fuzz"
version = "main"
source = "github"

[[requirements]]
name = "aiken-lang/sample"
version = "main"
source = "github"

[[packages]]
name = "aiken-lang/stdlib"
version = "3.0.0"
requirements = []
source = "github"

[[packages]]
name = "aiken-lang/fuzz"
version = "main"
requirements = []
source = "github"

[[packages]]
name = "aiken-lang/sample"
version = "main"
requirements = []
source = "github"

[etags]
"aiken-lang/fuzz@main" = [{ secs_since_epoch = 1776046978, nanos_since_epoch = 891796999 }, "9843473958e51725a9274b487d2d4aac0395ec1a2e30f090724fa737226bc127"]
"aiken-lang/sample@main" = [{ secs_since_epoch = 1776046979, nanos_since_epoch = 111547384 }, "8f291c6da8732ee609cf02474396ea633fbecb1e9e62d3e68d4adb8a39000c3b"]
